
Microsoft Visual Studio Solution File, Format Version 12.00
# Visual Studio 15
VisualStudioVersion = 15.0.28307.902
MinimumVisualStudioVersion = 10.0.40219.1
Project("{FAE04EC0-301F-11D3-BF4B-00C04F79EFBC}") = "Dfe.Spi.Models", "Dfe.Spi.Models\Dfe.Spi.Models.csproj", "{696AF860-6E25-43C3-B3AB-D8780B26D52D}"
EndProject
Global
	GlobalSection(SolutionConfigurationPlatforms) = preSolution
		Debug|Any CPU = Debug|Any CPU
		Release|Any CPU = Release|Any CPU
	EndGlobalSection
	GlobalSection(ProjectConfigurationPlatforms) = postSolution
		{696AF860-6E25-43C3-B3AB-D8780B26D52D}.Debug|Any CPU.ActiveCfg = Debug|Any CPU
		{696AF860-6E25-43C3-B3AB-D8780B26D52D}.Debug|Any CPU.Build.0 = Debug|Any CPU
		{696AF860-6E25-43C3-B3AB-D8780B26D52D}.Release|Any CPU.ActiveCfg = Release|Any CPU
		{696AF860-6E25-43C3-B3AB-D8780B26D52D}.Release|Any CPU.Build.0 = Release|Any CPU
	EndGlobalSection
	GlobalSection(SolutionProperties) = preSolution
		HideSolutionNode = FALSE
	EndGlobalSection
	GlobalSection(ExtensibilityGlobals) = postSolution
		SolutionGuid = {5C14F954-1672-45BF-8709-61A25B8975FA}
	EndGlobalSection
EndGlobal
